// !$*UTF8*$!
{
	archiveVersion = 1;
	classes = {
	};
	objectVersion = 48;
	objects = {

/* Begin PBXBuildFile section */
		09921399AC5CF9BD0821C218 /* Pods_TeuchitlanApp.framework in Frameworks */ = {isa = PBXBuildFile; fileRef = 4393A20BBD1C49C5EB3CD2D3 /* Pods_TeuchitlanApp.framework */; };
		D74B929B20741BDA00C6007D /* QueHacerViewController.swift in Sources */ = {isa = PBXBuildFile; fileRef = D74B929A20741BDA00C6007D /* QueHacerViewController.swift */; };
		D74B929D207AD0D500C6007D /* myCell.swift in Sources */ = {isa = PBXBuildFile; fileRef = D74B929C207AD0D400C6007D /* myCell.swift */; };
		D74B92A7207E45D600C6007D /* Users.swift in Sources */ = {isa = PBXBuildFile; fileRef = D74B92A6207E45D600C6007D /* Users.swift */; };
		D7696AA3208417E900DEEAEC /* 30224008_1857713860965582_191255195_o.jpg in Resources */ = {isa = PBXBuildFile; fileRef = D7696AA2208417E800DEEAEC /* 30224008_1857713860965582_191255195_o.jpg */; };
		D770F68D20678B19007A16D5 /* QHacer_btn.png in Resources */ = {isa = PBXBuildFile; fileRef = D770F68C20678B16007A16D5 /* QHacer_btn.png */; };
		D770F68E20678B1A007A16D5 /* QHacer_btn.png in Resources */ = {isa = PBXBuildFile; fileRef = D770F68C20678B16007A16D5 /* QHacer_btn.png */; };
		D770F68F20678B1A007A16D5 /* QHacer_btn.png in Resources */ = {isa = PBXBuildFile; fileRef = D770F68C20678B16007A16D5 /* QHacer_btn.png */; };
		D770F69120678E38007A16D5 /* Progreso-btn.png in Resources */ = {isa = PBXBuildFile; fileRef = D770F69020678E38007A16D5 /* Progreso-btn.png */; };
		D770F69220678E38007A16D5 /* Progreso-btn.png in Resources */ = {isa = PBXBuildFile; fileRef = D770F69020678E38007A16D5 /* Progreso-btn.png */; };
		D770F69320678E38007A16D5 /* Progreso-btn.png in Resources */ = {isa = PBXBuildFile; fileRef = D770F69020678E38007A16D5 /* Progreso-btn.png */; };
		D770F69520678E7D007A16D5 /* LActual_btn.png in Resources */ = {isa = PBXBuildFile; fileRef = D770F69420678E7D007A16D5 /* LActual_btn.png */; };
		D770F69620678E7D007A16D5 /* LActual_btn.png in Resources */ = {isa = PBXBuildFile; fileRef = D770F69420678E7D007A16D5 /* LActual_btn.png */; };
		D770F69720678E7D007A16D5 /* LActual_btn.png in Resources */ = {isa = PBXBuildFile; fileRef = D770F69420678E7D007A16D5 /* LActual_btn.png */; };
		D770F69920678E9D007A16D5 /* MProgreso_btn.png in Resources */ = {isa = PBXBuildFile; fileRef = D770F69820678E9C007A16D5 /* MProgreso_btn.png */; };
		D770F69A20678E9D007A16D5 /* MProgreso_btn.png in Resources */ = {isa = PBXBuildFile; fileRef = D770F69820678E9C007A16D5 /* MProgreso_btn.png */; };
		D770F69B20678E9D007A16D5 /* MProgreso_btn.png in Resources */ = {isa = PBXBuildFile; fileRef = D770F69820678E9C007A16D5 /* MProgreso_btn.png */; };
		D770F69D20679269007A16D5 /* Icon Burger Black.png in Resources */ = {isa = PBXBuildFile; fileRef = D770F69C20679269007A16D5 /* Icon Burger Black.png */; };
		D770F69E20679269007A16D5 /* Icon Burger Black.png in Resources */ = {isa = PBXBuildFile; fileRef = D770F69C20679269007A16D5 /* Icon Burger Black.png */; };
		D770F69F20679269007A16D5 /* Icon Burger Black.png in Resources */ = {isa = PBXBuildFile; fileRef = D770F69C20679269007A16D5 /* Icon Burger Black.png */; };
		D770F6A120679566007A16D5 /* Block 1.png in Resources */ = {isa = PBXBuildFile; fileRef = D770F6A020679566007A16D5 /* Block 1.png */; };
		D770F6A220679566007A16D5 /* Block 1.png in Resources */ = {isa = PBXBuildFile; fileRef = D770F6A020679566007A16D5 /* Block 1.png */; };
		D770F6A320679566007A16D5 /* Block 1.png in Resources */ = {isa = PBXBuildFile; fileRef = D770F6A020679566007A16D5 /* Block 1.png */; };
		D773C79420165D450006FEC9 /* AppDelegate.swift in Sources */ = {isa = PBXBuildFile; fileRef = D773C79320165D450006FEC9 /* AppDelegate.swift */; };
		D773C79620165D450006FEC9 /* ViewController.swift in Sources */ = {isa = PBXBuildFile; fileRef = D773C79520165D450006FEC9 /* ViewController.swift */; };
		D773C79920165D450006FEC9 /* Main.storyboard in Resources */ = {isa = PBXBuildFile; fileRef = D773C79720165D450006FEC9 /* Main.storyboard */; };
		D773C79B20165D450006FEC9 /* Assets.xcassets in Resources */ = {isa = PBXBuildFile; fileRef = D773C79A20165D450006FEC9 /* Assets.xcassets */; };
		D773C79E20165D450006FEC9 /* LaunchScreen.storyboard in Resources */ = {isa = PBXBuildFile; fileRef = D773C79C20165D450006FEC9 /* LaunchScreen.storyboard */; };
		D773C7A920165D450006FEC9 /* TeuchitlanAppTests.swift in Sources */ = {isa = PBXBuildFile; fileRef = D773C7A820165D450006FEC9 /* TeuchitlanAppTests.swift */; };
		D773C7B420165D460006FEC9 /* TeuchitlanAppUITests.swift in Sources */ = {isa = PBXBuildFile; fileRef = D773C7B320165D460006FEC9 /* TeuchitlanAppUITests.swift */; };
		D7AB2EC1206E9F140003D8D6 /* RegistroViewController.swift in Sources */ = {isa = PBXBuildFile; fileRef = D7AB2EC0206E9F140003D8D6 /* RegistroViewController.swift */; };
		D7B5ED17206CA9800005475F /* GoogleService-Info.plist in Resources */ = {isa = PBXBuildFile; fileRef = D7B5ED16206CA9800005475F /* GoogleService-Info.plist */; };
/* End PBXBuildFile section */

/* Begin PBXContainerItemProxy section */
		D773C7A520165D450006FEC9 /* PBXContainerItemProxy */ = {
			isa = PBXContainerItemProxy;
			containerPortal = D773C78820165D440006FEC9 /* Project object */;
			proxyType = 1;
			remoteGlobalIDString = D773C78F20165D440006FEC9;
			remoteInfo = TeuchitlanApp;
		};
		D773C7B020165D460006FEC9 /* PBXContainerItemProxy */ = {
			isa = PBXContainerItemProxy;
			containerPortal = D773C78820165D440006FEC9 /* Project object */;
			proxyType = 1;
			remoteGlobalIDString = D773C78F20165D440006FEC9;
			remoteInfo = TeuchitlanApp;
		};
/* End PBXContainerItemProxy section */

/* Begin PBXFileReference section */
		4393A20BBD1C49C5EB3CD2D3 /* Pods_TeuchitlanApp.framework */ = {isa = PBXFileReference; explicitFileType = wrapper.framework; includeInIndex = 0; path = Pods_TeuchitlanApp.framework; sourceTree = BUILT_PRODUCTS_DIR; };
		47B744C07F282A50827E7CA8 /* Pods-TeuchitlanApp.debug.xcconfig */ = {isa = PBXFileReference; includeInIndex = 1; lastKnownFileType = text.xcconfig; name = "Pods-TeuchitlanApp.debug.xcconfig"; path = "Pods/Target Support Files/Pods-TeuchitlanApp/Pods-TeuchitlanApp.debug.xcconfig"; sourceTree = "<group>"; };
		C5B58E949A42600BCD938A75 /* Pods-TeuchitlanApp.release.xcconfig */ = {isa = PBXFileReference; includeInIndex = 1; lastKnownFileType = text.xcconfig; name = "Pods-TeuchitlanApp.release.xcconfig"; path = "Pods/Target Support Files/Pods-TeuchitlanApp/Pods-TeuchitlanApp.release.xcconfig"; sourceTree = "<group>"; };
		D74B929A20741BDA00C6007D /* QueHacerViewController.swift */ = {isa = PBXFileReference; lastKnownFileType = sourcecode.swift; path = QueHacerViewController.swift; sourceTree = "<group>"; };
		D74B929C207AD0D400C6007D /* myCell.swift */ = {isa = PBXFileReference; lastKnownFileType = sourcecode.swift; path = myCell.swift; sourceTree = "<group>"; };
		D74B92A6207E45D600C6007D /* Users.swift */ = {isa = PBXFileReference; lastKnownFileType = sourcecode.swift; path = Users.swift; sourceTree = "<group>"; };
		D7696AA2208417E800DEEAEC /* 30224008_1857713860965582_191255195_o.jpg */ = {isa = PBXFileReference; lastKnownFileType = image.jpeg; name = 30224008_1857713860965582_191255195_o.jpg; path = ../../../Downloads/30224008_1857713860965582_191255195_o.jpg; sourceTree = "<group>"; };
		D770F68C20678B16007A16D5 /* QHacer_btn.png */ = {isa = PBXFileReference; lastKnownFileType = image.png; name = QHacer_btn.png; path = ../../QHacer_btn.png; sourceTree = "<group>"; };
		D770F69020678E38007A16D5 /* Progreso-btn.png */ = {isa = PBXFileReference; lastKnownFileType = image.png; name = "Progreso-btn.png"; path = "../../Progreso-btn.png"; sourceTree = "<group>"; };
		D770F69420678E7D007A16D5 /* LActual_btn.png */ = {isa = PBXFileReference; lastKnownFileType = image.png; name = LActual_btn.png; path = ../../LActual_btn.png; sourceTree = "<group>"; };
		D770F69820678E9C007A16D5 /* MProgreso_btn.png */ = {isa = PBXFileReference; lastKnownFileType = image.png; name = MProgreso_btn.png; path = ../../MProgreso_btn.png; sourceTree = "<group>"; };
		D770F69C20679269007A16D5 /* Icon Burger Black.png */ = {isa = PBXFileReference; lastKnownFileType = image.png; name = "Icon Burger Black.png"; path = "../../NavigationRight/Icon Burger Black.png"; sourceTree = "<group>"; };
		D770F6A020679566007A16D5 /* Block 1.png */ = {isa = PBXFileReference; lastKnownFileType = image.png; name = "Block 1.png"; path = "../../Block 1.png"; sourceTree = "<group>"; };
		D773C79020165D440006FEC9 /* TeuchitlanApp.app */ = {isa = PBXFileReference; explicitFileType = wrapper.application; includeInIndex = 0; path = TeuchitlanApp.app; sourceTree = BUILT_PRODUCTS_DIR; };
		D773C79320165D450006FEC9 /* AppDelegate.swift */ = {isa = PBXFileReference; lastKnownFileType = sourcecode.swift; path = AppDelegate.swift; sourceTree = "<group>"; };
		D773C79520165D450006FEC9 /* ViewController.swift */ = {isa = PBXFileReference; lastKnownFileType = sourcecode.swift; path = ViewController.swift; sourceTree = "<group>"; };
		D773C79820165D450006FEC9 /* Base */ = {isa = PBXFileReference; lastKnownFileType = file.storyboard; name = Base; path = Base.lproj/Main.storyboard; sourceTree = "<group>"; };
		D773C79A20165D450006FEC9 /* Assets.xcassets */ = {isa = PBXFileReference; lastKnownFileType = folder.assetcatalog; path = Assets.xcassets; sourceTree = "<group>"; };
		D773C79D20165D450006FEC9 /* Base */ = {isa = PBXFileReference; lastKnownFileType = file.storyboard; name = Base; path = Base.lproj/LaunchScreen.storyboard; sourceTree = "<group>"; };
		D773C79F20165D450006FEC9 /* Info.plist */ = {isa = PBXFileReference; lastKnownFileType = text.plist.xml; path = Info.plist; sourceTree = "<group>"; };
		D773C7A420165D450006FEC9 /* TeuchitlanAppTests.xctest */ = {isa = PBXFileReference; explicitFileType = wrapper.cfbundle; includeInIndex = 0; path = TeuchitlanAppTests.xctest; sourceTree = BUILT_PRODUCTS_DIR; };
		D773C7A820165D450006FEC9 /* TeuchitlanAppTests.swift */ = {isa = PBXFileReference; lastKnownFileType = sourcecode.swift; path = TeuchitlanAppTests.swift; sourceTree = "<group>"; };
		D773C7AA20165D450006FEC9 /* Info.plist */ = {isa = PBXFileReference; lastKnownFileType = text.plist.xml; path = Info.plist; sourceTree = "<group>"; };
		D773C7AF20165D460006FEC9 /* TeuchitlanAppUITests.xctest */ = {isa = PBXFileReference; explicitFileType = wrapper.cfbundle; includeInIndex = 0; path = TeuchitlanAppUITests.xctest; sourceTree = BUILT_PRODUCTS_DIR; };
		D773C7B320165D460006FEC9 /* TeuchitlanAppUITests.swift */ = {isa = PBXFileReference; lastKnownFileType = sourcecode.swift; path = TeuchitlanAppUITests.swift; sourceTree = "<group>"; };
		D773C7B520165D460006FEC9 /* Info.plist */ = {isa = PBXFileReference; lastKnownFileType = text.plist.xml; path = Info.plist; sourceTree = "<group>"; };
		D7AB2EC0206E9F140003D8D6 /* RegistroViewController.swift */ = {isa = PBXFileReference; lastKnownFileType = sourcecode.swift; path = RegistroViewController.swift; sourceTree = "<group>"; };
		D7B5ED16206CA9800005475F /* GoogleService-Info.plist */ = {isa = PBXFileReference; fileEncoding = 4; lastKnownFileType = text.plist.xml; name = "GoogleService-Info.plist"; path = "../../../Downloads/GoogleService-Info.plist"; sourceTree = "<group>"; };
/* End PBXFileReference section */

/* Begin PBXFrameworksBuildPhase section */
		D773C78D20165D440006FEC9 /* Frameworks */ = {
			isa = PBXFrameworksBuildPhase;
			buildActionMask = 2147483647;
			files = (
				09921399AC5CF9BD0821C218 /* Pods_TeuchitlanApp.framework in Frameworks */,
			);
			runOnlyForDeploymentPostprocessing = 0;
		};
		D773C7A120165D450006FEC9 /* Frameworks */ = {
			isa = PBXFrameworksBuildPhase;
			buildActionMask = 2147483647;
			files = (
			);
			runOnlyForDeploymentPostprocessing = 0;
		};
		D773C7AC20165D450006FEC9 /* Frameworks */ = {
			isa = PBXFrameworksBuildPhase;
			buildActionMask = 2147483647;
			files = (
			);
			runOnlyForDeploymentPostprocessing = 0;
		};
/* End PBXFrameworksBuildPhase section */

/* Begin PBXGroup section */
		312314D36486939151470883 /* Frameworks */ = {
			isa = PBXGroup;
			children = (
				4393A20BBD1C49C5EB3CD2D3 /* Pods_TeuchitlanApp.framework */,
			);
			name = Frameworks;
			sourceTree = "<group>";
		};
		47660FDCB26A69A61923E8A2 /* Pods */ = {
			isa = PBXGroup;
			children = (
				47B744C07F282A50827E7CA8 /* Pods-TeuchitlanApp.debug.xcconfig */,
				C5B58E949A42600BCD938A75 /* Pods-TeuchitlanApp.release.xcconfig */,
			);
			name = Pods;
			sourceTree = "<group>";
		};
		D74B92A5207E45AA00C6007D /* Model */ = {
			isa = PBXGroup;
			children = (
				D74B92A6207E45D600C6007D /* Users.swift */,
			);
			name = Model;
			path = "New Group";
			sourceTree = "<group>";
		};
		D773C78720165D440006FEC9 = {
			isa = PBXGroup;
			children = (
				D773C79220165D440006FEC9 /* TeuchitlanApp */,
				D773C7A720165D450006FEC9 /* TeuchitlanAppTests */,
				D773C7B220165D460006FEC9 /* TeuchitlanAppUITests */,
				D773C79120165D440006FEC9 /* Products */,
				47660FDCB26A69A61923E8A2 /* Pods */,
				312314D36486939151470883 /* Frameworks */,
			);
			sourceTree = "<group>";
		};
		D773C79120165D440006FEC9 /* Products */ = {
			isa = PBXGroup;
			children = (
				D773C79020165D440006FEC9 /* TeuchitlanApp.app */,
				D773C7A420165D450006FEC9 /* TeuchitlanAppTests.xctest */,
				D773C7AF20165D460006FEC9 /* TeuchitlanAppUITests.xctest */,
			);
			name = Products;
			sourceTree = "<group>";
		};
		D773C79220165D440006FEC9 /* TeuchitlanApp */ = {
			isa = PBXGroup;
			children = (
				D74B92A5207E45AA00C6007D /* Model */,
				D7AB2EC0206E9F140003D8D6 /* RegistroViewController.swift */,
				D773C79320165D450006FEC9 /* AppDelegate.swift */,
				D773C79520165D450006FEC9 /* ViewController.swift */,
				D773C79720165D450006FEC9 /* Main.storyboard */,
				D74B929C207AD0D400C6007D /* myCell.swift */,
				D7696AA2208417E800DEEAEC /* 30224008_1857713860965582_191255195_o.jpg */,
				D74B929A20741BDA00C6007D /* QueHacerViewController.swift */,
				D770F69420678E7D007A16D5 /* LActual_btn.png */,
				D770F69C20679269007A16D5 /* Icon Burger Black.png */,
				D770F6A020679566007A16D5 /* Block 1.png */,
				D7B5ED16206CA9800005475F /* GoogleService-Info.plist */,
				D770F69820678E9C007A16D5 /* MProgreso_btn.png */,
				D770F69020678E38007A16D5 /* Progreso-btn.png */,
				D773C79A20165D450006FEC9 /* Assets.xcassets */,
				D773C79C20165D450006FEC9 /* LaunchScreen.storyboard */,
				D773C79F20165D450006FEC9 /* Info.plist */,
				D770F68C20678B16007A16D5 /* QHacer_btn.png */,
			);
			path = TeuchitlanApp;
			sourceTree = "<group>";
		};
		D773C7A720165D450006FEC9 /* TeuchitlanAppTests */ = {
			isa = PBXGroup;
			children = (
				D773C7A820165D450006FEC9 /* TeuchitlanAppTests.swift */,
				D773C7AA20165D450006FEC9 /* Info.plist */,
			);
			path = TeuchitlanAppTests;
			sourceTree = "<group>";
		};
		D773C7B220165D460006FEC9 /* TeuchitlanAppUITests */ = {
			isa = PBXGroup;
			children = (
				D773C7B320165D460006FEC9 /* TeuchitlanAppUITests.swift */,
				D773C7B520165D460006FEC9 /* Info.plist */,
			);
			path = TeuchitlanAppUITests;
			sourceTree = "<group>";
		};
/* End PBXGroup section */

/* Begin PBXNativeTarget section */
		D773C78F20165D440006FEC9 /* TeuchitlanApp */ = {
			isa = PBXNativeTarget;
			buildConfigurationList = D773C7B820165D460006FEC9 /* Build configuration list for PBXNativeTarget "TeuchitlanApp" */;
			buildPhases = (
				C7985A7011976B9A547C3B65 /* [CP] Check Pods Manifest.lock */,
				D773C78C20165D440006FEC9 /* Sources */,
				D773C78D20165D440006FEC9 /* Frameworks */,
				D773C78E20165D440006FEC9 /* Resources */,
				B2C8E51E54DE5945DB598FC7 /* [CP] Embed Pods Frameworks */,
				DBADE6B49984E87EECE677F1 /* [CP] Copy Pods Resources */,
			);
			buildRules = (
			);
			dependencies = (
			);
			name = TeuchitlanApp;
			productName = TeuchitlanApp;
			productReference = D773C79020165D440006FEC9 /* TeuchitlanApp.app */;
			productType = "com.apple.product-type.application";
		};
		D773C7A320165D450006FEC9 /* TeuchitlanAppTests */ = {
			isa = PBXNativeTarget;
			buildConfigurationList = D773C7BB20165D460006FEC9 /* Build configuration list for PBXNativeTarget "TeuchitlanAppTests" */;
			buildPhases = (
				D773C7A020165D450006FEC9 /* Sources */,
				D773C7A120165D450006FEC9 /* Frameworks */,
				D773C7A220165D450006FEC9 /* Resources */,
			);
			buildRules = (
			);
			dependencies = (
				D773C7A620165D450006FEC9 /* PBXTargetDependency */,
			);
			name = TeuchitlanAppTests;
			productName = TeuchitlanAppTests;
			productReference = D773C7A420165D450006FEC9 /* TeuchitlanAppTests.xctest */;
			productType = "com.apple.product-type.bundle.unit-test";
		};
		D773C7AE20165D450006FEC9 /* TeuchitlanAppUITests */ = {
			isa = PBXNativeTarget;
			buildConfigurationList = D773C7BE20165D460006FEC9 /* Build configuration list for PBXNativeTarget "TeuchitlanAppUITests" */;
			buildPhases = (
				D773C7AB20165D450006FEC9 /* Sources */,
				D773C7AC20165D450006FEC9 /* Frameworks */,
				D773C7AD20165D450006FEC9 /* Resources */,
			);
			buildRules = (
			);
			dependencies = (
				D773C7B120165D460006FEC9 /* PBXTargetDependency */,
			);
			name = TeuchitlanAppUITests;
			productName = TeuchitlanAppUITests;
			productReference = D773C7AF20165D460006FEC9 /* TeuchitlanAppUITests.xctest */;
			productType = "com.apple.product-type.bundle.ui-testing";
		};
/* End PBXNativeTarget section */

/* Begin PBXProject section */
		D773C78820165D440006FEC9 /* Project object */ = {
			isa = PBXProject;
			attributes = {
				LastSwiftUpdateCheck = 0920;
				LastUpgradeCheck = 0920;
				ORGANIZATIONNAME = "Emmanuel Garcia";
				TargetAttributes = {
					D773C78F20165D440006FEC9 = {
						CreatedOnToolsVersion = 9.2;
						ProvisioningStyle = Automatic;
						SystemCapabilities = {
							com.apple.BackgroundModes = {
								enabled = 1;
							};
						};
					};
					D773C7A320165D450006FEC9 = {
						CreatedOnToolsVersion = 9.2;
						ProvisioningStyle = Automatic;
						TestTargetID = D773C78F20165D440006FEC9;
					};
					D773C7AE20165D450006FEC9 = {
						CreatedOnToolsVersion = 9.2;
						ProvisioningStyle = Automatic;
						TestTargetID = D773C78F20165D440006FEC9;
					};
				};
			};
			buildConfigurationList = D773C78B20165D440006FEC9 /* Build configuration list for PBXProject "TeuchitlanApp" */;
			compatibilityVersion = "Xcode 8.0";
			developmentRegion = en;
			hasScannedForEncodings = 0;
			knownRegions = (
				en,
				Base,
			);
			mainGroup = D773C78720165D440006FEC9;
			productRefGroup = D773C79120165D440006FEC9 /* Products */;
			projectDirPath = "";
			projectRoot = "";
			targets = (
				D773C78F20165D440006FEC9 /* TeuchitlanApp */,
				D773C7A320165D450006FEC9 /* TeuchitlanAppTests */,
				D773C7AE20165D450006FEC9 /* TeuchitlanAppUITests */,
			);
		};
/* End PBXProject section */

/* Begin PBXResourcesBuildPhase section */
		D773C78E20165D440006FEC9 /* Resources */ = {
			isa = PBXResourcesBuildPhase;
			buildActionMask = 2147483647;
			files = (
				D770F68D20678B19007A16D5 /* QHacer_btn.png in Resources */,
				D773C79E20165D450006FEC9 /* LaunchScreen.storyboard in Resources */,
				D770F69920678E9D007A16D5 /* MProgreso_btn.png in Resources */,
				D770F6A120679566007A16D5 /* Block 1.png in Resources */,
				D773C79B20165D450006FEC9 /* Assets.xcassets in Resources */,
				D770F69520678E7D007A16D5 /* LActual_btn.png in Resources */,
				D7696AA3208417E900DEEAEC /* 30224008_1857713860965582_191255195_o.jpg in Resources */,
				D770F69D20679269007A16D5 /* Icon Burger Black.png in Resources */,
				D7B5ED17206CA9800005475F /* GoogleService-Info.plist in Resources */,
				D773C79920165D450006FEC9 /* Main.storyboard in Resources */,
				D770F69120678E38007A16D5 /* Progreso-btn.png in Resources */,
			);
			runOnlyForDeploymentPostprocessing = 0;
		};
		D773C7A220165D450006FEC9 /* Resources */ = {
			isa = PBXResourcesBuildPhase;
			buildActionMask = 2147483647;
			files = (
				D770F6A220679566007A16D5 /* Block 1.png in Resources */,
				D770F69620678E7D007A16D5 /* LActual_btn.png in Resources */,
				D770F69E20679269007A16D5 /* Icon Burger Black.png in Resources */,
				D770F69A20678E9D007A16D5 /* MProgreso_btn.png in Resources */,
				D770F68E20678B1A007A16D5 /* QHacer_btn.png in Resources */,
				D770F69220678E38007A16D5 /* Progreso-btn.png in Resources */,
			);
			runOnlyForDeploymentPostprocessing = 0;
		};
		D773C7AD20165D450006FEC9 /* Resources */ = {
			isa = PBXResourcesBuildPhase;
			buildActionMask = 2147483647;
			files = (
				D770F6A320679566007A16D5 /* Block 1.png in Resources */,
				D770F69720678E7D007A16D5 /* LActual_btn.png in Resources */,
				D770F69F20679269007A16D5 /* Icon Burger Black.png in Resources */,
				D770F69B20678E9D007A16D5 /* MProgreso_btn.png in Resources */,
				D770F68F20678B1A007A16D5 /* QHacer_btn.png in Resources */,
				D770F69320678E38007A16D5 /* Progreso-btn.png in Resources */,
			);
			runOnlyForDeploymentPostprocessing = 0;
		};
/* End PBXResourcesBuildPhase section */

/* Begin PBXShellScriptBuildPhase section */
		B2C8E51E54DE5945DB598FC7 /* [CP] Embed Pods Frameworks */ = {
			isa = PBXShellScriptBuildPhase;
			buildActionMask = 2147483647;
			files = (
			);
			inputPaths = (
				"${SRCROOT}/Pods/Target Support Files/Pods-TeuchitlanApp/Pods-TeuchitlanApp-frameworks.sh",
				"${PODS_ROOT}/EstimoteBluetoothScanning/EstimoteBluetoothScanning/EstimoteBluetoothScanning.framework",
				"${PODS_ROOT}/EstimoteProximitySDK/EstimoteProximitySDK/EstimoteProximitySDK.framework",
				"${BUILT_PRODUCTS_DIR}/GTMSessionFetcher/GTMSessionFetcher.framework",
				"${BUILT_PRODUCTS_DIR}/GoogleToolboxForMac/GoogleToolboxForMac.framework",
				"${BUILT_PRODUCTS_DIR}/Kingfisher/Kingfisher.framework",
				"${BUILT_PRODUCTS_DIR}/Material/Material.framework",
				"${BUILT_PRODUCTS_DIR}/Motion/Motion.framework",
				"${BUILT_PRODUCTS_DIR}/leveldb-library/leveldb.framework",
				"${BUILT_PRODUCTS_DIR}/nanopb/nanopb.framework",
			);
			name = "[CP] Embed Pods Frameworks";
			outputPaths = (
				"${TARGET_BUILD_DIR}/${FRAMEWORKS_FOLDER_PATH}/EstimoteBluetoothScanning.framework",
				"${TARGET_BUILD_DIR}/${FRAMEWORKS_FOLDER_PATH}/EstimoteProximitySDK.framework",
				"${TARGET_BUILD_DIR}/${FRAMEWORKS_FOLDER_PATH}/GTMSessionFetcher.framework",
				"${TARGET_BUILD_DIR}/${FRAMEWORKS_FOLDER_PATH}/GoogleToolboxForMac.framework",
				"${TARGET_BUILD_DIR}/${FRAMEWORKS_FOLDER_PATH}/Kingfisher.framework",
				"${TARGET_BUILD_DIR}/${FRAMEWORKS_FOLDER_PATH}/Material.framework",
				"${TARGET_BUILD_DIR}/${FRAMEWORKS_FOLDER_PATH}/Motion.framework",
				"${TARGET_BUILD_DIR}/${FRAMEWORKS_FOLDER_PATH}/leveldb.framework",
				"${TARGET_BUILD_DIR}/${FRAMEWORKS_FOLDER_PATH}/nanopb.framework",
			);
			runOnlyForDeploymentPostprocessing = 0;
			shellPath = /bin/sh;
			shellScript = "\"${SRCROOT}/Pods/Target Support Files/Pods-TeuchitlanApp/Pods-TeuchitlanApp-frameworks.sh\"\n";
			showEnvVarsInLog = 0;
		};
		C7985A7011976B9A547C3B65 /* [CP] Check Pods Manifest.lock */ = {
			isa = PBXShellScriptBuildPhase;
			buildActionMask = 2147483647;
			files = (
			);
			inputPaths = (
				"${PODS_PODFILE_DIR_PATH}/Podfile.lock",
				"${PODS_ROOT}/Manifest.lock",
			);
			name = "[CP] Check Pods Manifest.lock";
			outputPaths = (
				"$(DERIVED_FILE_DIR)/Pods-TeuchitlanApp-checkManifestLockResult.txt",
			);
			runOnlyForDeploymentPostprocessing = 0;
			shellPath = /bin/sh;
			shellScript = "diff \"${PODS_PODFILE_DIR_PATH}/Podfile.lock\" \"${PODS_ROOT}/Manifest.lock\" > /dev/null\nif [ $? != 0 ] ; then\n    # print error to STDERR\n    echo \"error: The sandbox is not in sync with the Podfile.lock. Run 'pod install' or update your CocoaPods installation.\" >&2\n    exit 1\nfi\n# This output is used by Xcode 'outputs' to avoid re-running this script phase.\necho \"SUCCESS\" > \"${SCRIPT_OUTPUT_FILE_0}\"\n";
			showEnvVarsInLog = 0;
		};
		DBADE6B49984E87EECE677F1 /* [CP] Copy Pods Resources */ = {
			isa = PBXShellScriptBuildPhase;
			buildActionMask = 2147483647;
			files = (
			);
			inputPaths = (
			);
			name = "[CP] Copy Pods Resources";
			outputPaths = (
			);
			runOnlyForDeploymentPostprocessing = 0;
			shellPath = /bin/sh;
			shellScript = "\"${SRCROOT}/Pods/Target Support Files/Pods-TeuchitlanApp/Pods-TeuchitlanApp-resources.sh\"\n";
			showEnvVarsInLog = 0;
		};
/* End PBXShellScriptBuildPhase section */

/* Begin PBXSourcesBuildPhase section */
		D773C78C20165D440006FEC9 /* Sources */ = {
			isa = PBXSourcesBuildPhase;
			buildActionMask = 2147483647;
			files = (
				D74B929B20741BDA00C6007D /* QueHacerViewController.swift in Sources */,
				D773C79620165D450006FEC9 /* ViewController.swift in Sources */,
				D74B929D207AD0D500C6007D /* myCell.swift in Sources */,
				D7AB2EC1206E9F140003D8D6 /* RegistroViewController.swift in Sources */,
				D74B92A7207E45D600C6007D /* Users.swift in Sources */,
				D773C79420165D450006FEC9 /* AppDelegate.swift in Sources */,
			);
			runOnlyForDeploymentPostprocessing = 0;
		};
		D773C7A020165D450006FEC9 /* Sources */ = {
			isa = PBXSourcesBuildPhase;
			buildActionMask = 2147483647;
			files = (
				D773C7A920165D450006FEC9 /* TeuchitlanAppTests.swift in Sources */,
			);
			runOnlyForDeploymentPostprocessing = 0;
		};
		D773C7AB20165D450006FEC9 /* Sources */ = {
			isa = PBXSourcesBuildPhase;
			buildActionMask = 2147483647;
			files = (
				D773C7B420165D460006FEC9 /* TeuchitlanAppUITests.swift in Sources */,
			);
			runOnlyForDeploymentPostprocessing = 0;
		};
/* End PBXSourcesBuildPhase section */

/* Begin PBXTargetDependency section */
		D773C7A620165D450006FEC9 /* PBXTargetDependency */ = {
			isa = PBXTargetDependency;
			target = D773C78F20165D440006FEC9 /* TeuchitlanApp */;
			targetProxy = D773C7A520165D450006FEC9 /* PBXContainerItemProxy */;
		};
		D773C7B120165D460006FEC9 /* PBXTargetDependency */ = {
			isa = PBXTargetDependency;
			target = D773C78F20165D440006FEC9 /* TeuchitlanApp */;
			targetProxy = D773C7B020165D460006FEC9 /* PBXContainerItemProxy */;
		};
/* End PBXTargetDependency section */

/* Begin PBXVariantGroup section */
		D773C79720165D450006FEC9 /* Main.storyboard */ = {
			isa = PBXVariantGroup;
			children = (
				D773C79820165D450006FEC9 /* Base */,
			);
			name = Main.storyboard;
			sourceTree = "<group>";
		};
		D773C79C20165D450006FEC9 /* LaunchScreen.storyboard */ = {
			isa = PBXVariantGroup;
			children = (
				D773C79D20165D450006FEC9 /* Base */,
			);
			name = LaunchScreen.storyboard;
			sourceTree = "<group>";
		};
/* End PBXVariantGroup section */

/* Begin XCBuildConfiguration section */
		D773C7B620165D460006FEC9 /* Debug */ = {
			isa = XCBuildConfiguration;
			buildSettings = {
				ALWAYS_SEARCH_USER_PATHS = NO;
				CLANG_ANALYZER_NONNULL = YES;
				CLANG_ANALYZER_NUMBER_OBJECT_CONVERSION = YES_AGGRESSIVE;
				CLANG_CXX_LANGUAGE_STANDARD = "gnu++14";
				CLANG_CXX_LIBRARY = "libc++";
				CLANG_ENABLE_MODULES = YES;
				CLANG_ENABLE_OBJC_ARC = YES;
				CLANG_WARN_BLOCK_CAPTURE_AUTORELEASING = YES;
				CLANG_WARN_BOOL_CONVERSION = YES;
				CLANG_WARN_COMMA = YES;
				CLANG_WARN_CONSTANT_CONVERSION = YES;
				CLANG_WARN_DIRECT_OBJC_ISA_USAGE = YES_ERROR;
				CLANG_WARN_DOCUMENTATION_COMMENTS = YES;
				CLANG_WARN_EMPTY_BODY = YES;
				CLANG_WARN_ENUM_CONVERSION = YES;
				CLANG_WARN_INFINITE_RECURSION = YES;
				CLANG_WARN_INT_CONVERSION = YES;
				CLANG_WARN_NON_LITERAL_NULL_CONVERSION = YES;
				CLANG_WARN_OBJC_LITERAL_CONVERSION = YES;
				CLANG_WARN_OBJC_ROOT_CLASS = YES_ERROR;
				CLANG_WARN_RANGE_LOOP_ANALYSIS = YES;
				CLANG_WARN_STRICT_PROTOTYPES = YES;
				CLANG_WARN_SUSPICIOUS_MOVE = YES;
				CLANG_WARN_UNGUARDED_AVAILABILITY = YES_AGGRESSIVE;
				CLANG_WARN_UNREACHABLE_CODE = YES;
				CLANG_WARN__DUPLICATE_METHOD_MATCH = YES;
				CODE_SIGN_IDENTITY = "iPhone Developer";
				COPY_PHASE_STRIP = NO;
				DEBUG_INFORMATION_FORMAT = dwarf;
				ENABLE_STRICT_OBJC_MSGSEND = YES;
				ENABLE_TESTABILITY = YES;
				GCC_C_LANGUAGE_STANDARD = gnu11;
				GCC_DYNAMIC_NO_PIC = NO;
				GCC_NO_COMMON_BLOCKS = YES;
				GCC_OPTIMIZATION_LEVEL = 0;
				GCC_PREPROCESSOR_DEFINITIONS = (
					"DEBUG=1",
					"$(inherited)",
				);
				GCC_WARN_64_TO_32_BIT_CONVERSION = YES;
				GCC_WARN_ABOUT_RETURN_TYPE = YES_ERROR;
				GCC_WARN_UNDECLARED_SELECTOR = YES;
				GCC_WARN_UNINITIALIZED_AUTOS = YES_AGGRESSIVE;
				GCC_WARN_UNUSED_FUNCTION = YES;
				GCC_WARN_UNUSED_VARIABLE = YES;
				IPHONEOS_DEPLOYMENT_TARGET = 11.2;
				MTL_ENABLE_DEBUG_INFO = YES;
				ONLY_ACTIVE_ARCH = YES;
				SDKROOT = iphoneos;
				SWIFT_ACTIVE_COMPILATION_CONDITIONS = DEBUG;
				SWIFT_OPTIMIZATION_LEVEL = "-Onone";
			};
			name = Debug;
		};
		D773C7B720165D460006FEC9 /* Release */ = {
			isa = XCBuildConfiguration;
			buildSettings = {
				ALWAYS_SEARCH_USER_PATHS = NO;
				CLANG_ANALYZER_NONNULL = YES;
				CLANG_ANALYZER_NUMBER_OBJECT_CONVERSION = YES_AGGRESSIVE;
				CLANG_CXX_LANGUAGE_STANDARD = "gnu++14";
				CLANG_CXX_LIBRARY = "libc++";
				CLANG_ENABLE_MODULES = YES;
				CLANG_ENABLE_OBJC_ARC = YES;
				CLANG_WARN_BLOCK_CAPTURE_AUTORELEASING = YES;
				CLANG_WARN_BOOL_CONVERSION = YES;
				CLANG_WARN_COMMA = YES;
				CLANG_WARN_CONSTANT_CONVERSION = YES;
				CLANG_WARN_DIRECT_OBJC_ISA_USAGE = YES_ERROR;
				CLANG_WARN_DOCUMENTATION_COMMENTS = YES;
				CLANG_WARN_EMPTY_BODY = YES;
				CLANG_WARN_ENUM_CONVERSION = YES;
				CLANG_WARN_INFINITE_RECURSION = YES;
				CLANG_WARN_INT_CONVERSION = YES;
				CLANG_WARN_NON_LITERAL_NULL_CONVERSION = YES;
				CLANG_WARN_OBJC_LITERAL_CONVERSION = YES;
				CLANG_WARN_OBJC_ROOT_CLASS = YES_ERROR;
				CLANG_WARN_RANGE_LOOP_ANALYSIS = YES;
				CLANG_WARN_STRICT_PROTOTYPES = YES;
				CLANG_WARN_SUSPICIOUS_MOVE = YES;
				CLANG_WARN_UNGUARDED_AVAILABILITY = YES_AGGRESSIVE;
				CLANG_WARN_UNREACHABLE_CODE = YES;
				CLANG_WARN__DUPLICATE_METHOD_MATCH = YES;
				CODE_SIGN_IDENTITY = "iPhone Developer";
				COPY_PHASE_STRIP = NO;
				DEBUG_INFORMATION_FORMAT = "dwarf-with-dsym";
				ENABLE_NS_ASSERTIONS = NO;
				ENABLE_STRICT_OBJC_MSGSEND = YES;
				GCC_C_LANGUAGE_STANDARD = gnu11;
				GCC_NO_COMMON_BLOCKS = YES;
				GCC_WARN_64_TO_32_BIT_CONVERSION = YES;
				GCC_WARN_ABOUT_RETURN_TYPE = YES_ERROR;
				GCC_WARN_UNDECLARED_SELECTOR = YES;
				GCC_WARN_UNINITIALIZED_AUTOS = YES_AGGRESSIVE;
				GCC_WARN_UNUSED_FUNCTION = YES;
				GCC_WARN_UNUSED_VARIABLE = YES;
				IPHONEOS_DEPLOYMENT_TARGET = 11.2;
				MTL_ENABLE_DEBUG_INFO = NO;
				SDKROOT = iphoneos;
				SWIFT_OPTIMIZATION_LEVEL = "-Owholemodule";
				VALIDATE_PRODUCT = YES;
			};
			name = Release;
		};
		D773C7B920165D460006FEC9 /* Debug */ = {
			isa = XCBuildConfiguration;
			baseConfigurationReference = 47B744C07F282A50827E7CA8 /* Pods-TeuchitlanApp.debug.xcconfig */;
			buildSettings = {
				ASSETCATALOG_COMPILER_APPICON_NAME = AppIcon;
				CODE_SIGN_STYLE = Automatic;
				DEVELOPMENT_TEAM = WCX4FSQWW4;
				ENABLE_BITCODE = YES;
				INFOPLIST_FILE = TeuchitlanApp/Info.plist;
				IPHONEOS_DEPLOYMENT_TARGET = 10.0;
				LD_RUNPATH_SEARCH_PATHS = "$(inherited) @executable_path/Frameworks";
				PRODUCT_BUNDLE_IDENTIFIER = Bebat.TeuchitlanApp;
				PRODUCT_NAME = "$(TARGET_NAME)";
				SWIFT_VERSION = 4.0;
				TARGETED_DEVICE_FAMILY = "1,2";
			};
			name = Debug;
		};
		D773C7BA20165D460006FEC9 /* Release */ = {
			isa = XCBuildConfiguration;
			baseConfigurationReference = C5B58E949A42600BCD938A75 /* Pods-TeuchitlanApp.release.xcconfig */;
			buildSettings = {
				ASSETCATALOG_COMPILER_APPICON_NAME = AppIcon;
				CODE_SIGN_STYLE = Automatic;
				DEVELOPMENT_TEAM = WCX4FSQWW4;
				ENABLE_BITCODE = YES;
				INFOPLIST_FILE = TeuchitlanApp/Info.plist;
				IPHONEOS_DEPLOYMENT_TARGET = 10.0;
				LD_RUNPATH_SEARCH_PATHS = "$(inherited) @executable_path/Frameworks";
				PRODUCT_BUNDLE_IDENTIFIER = Bebat.TeuchitlanApp;
				PRODUCT_NAME = "$(TARGET_NAME)";
				SWIFT_VERSION = 4.0;
				TARGETED_DEVICE_FAMILY = "1,2";
			};
			name = Release;
		};
		D773C7BC20165D460006FEC9 /* Debug */ = {
			isa = XCBuildConfiguration;
			buildSettings = {
				ALWAYS_EMBED_SWIFT_STANDARD_LIBRARIES = YES;
				BUNDLE_LOADER = "$(TEST_HOST)";
				CODE_SIGN_STYLE = Automatic;
				INFOPLIST_FILE = TeuchitlanAppTests/Info.plist;
				LD_RUNPATH_SEARCH_PATHS = "$(inherited) @executable_path/Frameworks @loader_path/Frameworks";
				PRODUCT_BUNDLE_IDENTIFIER = Bebat.TeuchitlanAppTests;
				PRODUCT_NAME = "$(TARGET_NAME)";
				SWIFT_VERSION = 4.0;
				TARGETED_DEVICE_FAMILY = "1,2";
				TEST_HOST = "$(BUILT_PRODUCTS_DIR)/TeuchitlanApp.app/TeuchitlanApp";
			};
			name = Debug;
		};
		D773C7BD20165D460006FEC9 /* Release */ = {
			isa = XCBuildConfiguration;
			buildSettings = {
				ALWAYS_EMBED_SWIFT_STANDARD_LIBRARIES = YES;
				BUNDLE_LOADER = "$(TEST_HOST)";
				CODE_SIGN_STYLE = Automatic;
				INFOPLIST_FILE = TeuchitlanAppTests/Info.plist;
				LD_RUNPATH_SEARCH_PATHS = "$(inherited) @executable_path/Frameworks @loader_path/Frameworks";
				PRODUCT_BUNDLE_IDENTIFIER = Bebat.TeuchitlanAppTests;
				PRODUCT_NAME = "$(TARGET_NAME)";
				SWIFT_VERSION = 4.0;
				TARGETED_DEVICE_FAMILY = "1,2";
				TEST_HOST = "$(BUILT_PRODUCTS_DIR)/TeuchitlanApp.app/TeuchitlanApp";
			};
			name = Release;
		};
		D773C7BF20165D460006FEC9 /* Debug */ = {
			isa = XCBuildConfiguration;
			buildSettings = {
				ALWAYS_EMBED_SWIFT_STANDARD_LIBRARIES = YES;
				CODE_SIGN_STYLE = Automatic;
				INFOPLIST_FILE = TeuchitlanAppUITests/Info.plist;
				LD_RUNPATH_SEARCH_PATHS = "$(inherited) @executable_path/Frameworks @loader_path/Frameworks";
				PRODUCT_BUNDLE_IDENTIFIER = Bebat.TeuchitlanAppUITests;
				PRODUCT_NAME = "$(TARGET_NAME)";
				SWIFT_VERSION = 4.0;
				TARGETED_DEVICE_FAMILY = "1,2";
				TEST_TARGET_NAME = TeuchitlanApp;
			};
			name = Debug;
		};
		D773C7C020165D460006FEC9 /* Release */ = {
			isa = XCBuildConfiguration;
			buildSettings = {
				ALWAYS_EMBED_SWIFT_STANDARD_LIBRARIES = YES;
				CODE_SIGN_STYLE = Automatic;
				INFOPLIST_FILE = TeuchitlanAppUITests/Info.plist;
				LD_RUNPATH_SEARCH_PATHS = "$(inherited) @executable_path/Frameworks @loader_path/Frameworks";
				PRODUCT_BUNDLE_IDENTIFIER = Bebat.TeuchitlanAppUITests;
				PRODUCT_NAME = "$(TARGET_NAME)";
				SWIFT_VERSION = 4.0;
				TARGETED_DEVICE_FAMILY = "1,2";
				TEST_TARGET_NAME = TeuchitlanApp;
			};
			name = Release;
		};
/* End XCBuildConfiguration section */

/* Begin XCConfigurationList section */
		D773C78B20165D440006FEC9 /* Build configuration list for PBXProject "TeuchitlanApp" */ = {
			isa = XCConfigurationList;
			buildConfigurations = (
				D773C7B620165D460006FEC9 /* Debug */,
				D773C7B720165D460006FEC9 /* Release */,
			);
			defaultConfigurationIsVisible = 0;
			defaultConfigurationName = Release;
		};
		D773C7B820165D460006FEC9 /* Build configuration list for PBXNativeTarget "TeuchitlanApp" */ = {
			isa = XCConfigurationList;
			buildConfigurations = (
				D773C7B920165D460006FEC9 /* Debug */,
				D773C7BA20165D460006FEC9 /* Release */,
			);
			defaultConfigurationIsVisible = 0;
			defaultConfigurationName = Release;
		};
		D773C7BB20165D460006FEC9 /* Build configuration list for PBXNativeTarget "TeuchitlanAppTests" */ = {
			isa = XCConfigurationList;
			buildConfigurations = (
				D773C7BC20165D460006FEC9 /* Debug */,
				D773C7BD20165D460006FEC9 /* Release */,
			);
			defaultConfigurationIsVisible = 0;
			defaultConfigurationName = Release;
		};
		D773C7BE20165D460006FEC9 /* Build configuration list for PBXNativeTarget "TeuchitlanAppUITests" */ = {
			isa = XCConfigurationList;
			buildConfigurations = (
				D773C7BF20165D460006FEC9 /* Debug */,
				D773C7C020165D460006FEC9 /* Release */,
			);
			defaultConfigurationIsVisible = 0;
			defaultConfigurationName = Release;
		};
/* End XCConfigurationList section */
	};
	rootObject = D773C78820165D440006FEC9 /* Project object */;
}
